// !$*UTF8*$!
{
	archiveVersion = 1;
	classes = {
	};
	objectVersion = 56;
	objects = {

/* Begin PBXBuildFile section */
		A049C44629A514A200CF7A81 /* XibTwitterTableViewCell.xib in Resources */ = {isa = PBXBuildFile; fileRef = A049C44529A514A200CF7A81 /* XibTwitterTableViewCell.xib */; };
		A049C44829A5158600CF7A81 /* XibTwitterTableViewCell.swift in Sources */ = {isa = PBXBuildFile; fileRef = A049C44729A5158600CF7A81 /* XibTwitterTableViewCell.swift */; };
		A049C44B29A5185100CF7A81 /* ProgrammaticTwitterViewController.swift in Sources */ = {isa = PBXBuildFile; fileRef = A049C44A29A5185100CF7A81 /* ProgrammaticTwitterViewController.swift */; };
		A04D339C29A5112400B66E06 /* DetailsViewController.storyboard in Resources */ = {isa = PBXBuildFile; fileRef = A04D339B29A5112400B66E06 /* DetailsViewController.storyboard */; };
		A04D33A029A5128B00B66E06 /* RandomizingColorsTableViewController.swift in Sources */ = {isa = PBXBuildFile; fileRef = A04D339F29A5128B00B66E06 /* RandomizingColorsTableViewController.swift */; };
		A04D33A329A512F500B66E06 /* Square.swift in Sources */ = {isa = PBXBuildFile; fileRef = A04D33A229A512F500B66E06 /* Square.swift */; };
		A04D33A529A5131F00B66E06 /* RandomColorsTableViewCell.swift in Sources */ = {isa = PBXBuildFile; fileRef = A04D33A429A5131F00B66E06 /* RandomColorsTableViewCell.swift */; };
		A04D33A829A5144300B66E06 /* XibTwitterTableViewController.swift in Sources */ = {isa = PBXBuildFile; fileRef = A04D33A729A5144300B66E06 /* XibTwitterTableViewController.swift */; };
		A0B2596D2993422700DBBAA0 /* ProgrammaticTwitterTableViewCell.swift in Sources */ = {isa = PBXBuildFile; fileRef = A0B2596C2993422700DBBAA0 /* ProgrammaticTwitterTableViewCell.swift */; };
		A0B2596F2993530100DBBAA0 /* DetailsViewController.swift in Sources */ = {isa = PBXBuildFile; fileRef = A0B2596E2993530100DBBAA0 /* DetailsViewController.swift */; };
		A0CFC4192989F6900074D7AC /* AppDelegate.swift in Sources */ = {isa = PBXBuildFile; fileRef = A0CFC4182989F6900074D7AC /* AppDelegate.swift */; };
		A0CFC41B2989F6900074D7AC /* SceneDelegate.swift in Sources */ = {isa = PBXBuildFile; fileRef = A0CFC41A2989F6900074D7AC /* SceneDelegate.swift */; };
		A0CFC4202989F6900074D7AC /* Main.storyboard in Resources */ = {isa = PBXBuildFile; fileRef = A0CFC41E2989F6900074D7AC /* Main.storyboard */; };
		A0CFC4222989F6910074D7AC /* Assets.xcassets in Resources */ = {isa = PBXBuildFile; fileRef = A0CFC4212989F6910074D7AC /* Assets.xcassets */; };
		A0CFC4252989F6910074D7AC /* LaunchScreen.storyboard in Resources */ = {isa = PBXBuildFile; fileRef = A0CFC4232989F6910074D7AC /* LaunchScreen.storyboard */; };
/* End PBXBuildFile section */

/* Begin PBXFileReference section */
		A049C44529A514A200CF7A81 /* XibTwitterTableViewCell.xib */ = {isa = PBXFileReference; fileEncoding = 4; lastKnownFileType = file.xib; path = XibTwitterTableViewCell.xib; sourceTree = "<group>"; };
		A049C44729A5158600CF7A81 /* XibTwitterTableViewCell.swift */ = {isa = PBXFileReference; lastKnownFileType = sourcecode.swift; path = XibTwitterTableViewCell.swift; sourceTree = "<group>"; };
		A049C44A29A5185100CF7A81 /* ProgrammaticTwitterViewController.swift */ = {isa = PBXFileReference; lastKnownFileType = sourcecode.swift; path = ProgrammaticTwitterViewController.swift; sourceTree = "<group>"; };
		A04D339B29A5112400B66E06 /* DetailsViewController.storyboard */ = {isa = PBXFileReference; fileEncoding = 4; lastKnownFileType = file.storyboard; path = DetailsViewController.storyboard; sourceTree = "<group>"; };
		A04D339F29A5128B00B66E06 /* RandomizingColorsTableViewController.swift */ = {isa = PBXFileReference; lastKnownFileType = sourcecode.swift; path = RandomizingColorsTableViewController.swift; sourceTree = "<group>"; };
		A04D33A229A512F500B66E06 /* Square.swift */ = {isa = PBXFileReference; lastKnownFileType = sourcecode.swift; path = Square.swift; sourceTree = "<group>"; };
		A04D33A429A5131F00B66E06 /* RandomColorsTableViewCell.swift */ = {isa = PBXFileReference; lastKnownFileType = sourcecode.swift; path = RandomColorsTableViewCell.swift; sourceTree = "<group>"; };
		A04D33A729A5144300B66E06 /* XibTwitterTableViewController.swift */ = {isa = PBXFileReference; lastKnownFileType = sourcecode.swift; path = XibTwitterTableViewController.swift; sourceTree = "<group>"; };
		A0B2596C2993422700DBBAA0 /* ProgrammaticTwitterTableViewCell.swift */ = {isa = PBXFileReference; lastKnownFileType = sourcecode.swift; path = ProgrammaticTwitterTableViewCell.swift; sourceTree = "<group>"; };
		A0B2596E2993530100DBBAA0 /* DetailsViewController.swift */ = {isa = PBXFileReference; lastKnownFileType = sourcecode.swift; path = DetailsViewController.swift; sourceTree = "<group>"; };
		A0CFC4152989F6900074D7AC /* Layout Test App.app */ = {isa = PBXFileReference; explicitFileType = wrapper.application; includeInIndex = 0; path = "Layout Test App.app"; sourceTree = BUILT_PRODUCTS_DIR; };
		A0CFC4182989F6900074D7AC /* AppDelegate.swift */ = {isa = PBXFileReference; lastKnownFileType = sourcecode.swift; path = AppDelegate.swift; sourceTree = "<group>"; };
		A0CFC41A2989F6900074D7AC /* SceneDelegate.swift */ = {isa = PBXFileReference; lastKnownFileType = sourcecode.swift; path = SceneDelegate.swift; sourceTree = "<group>"; };
		A0CFC41F2989F6900074D7AC /* Base */ = {isa = PBXFileReference; lastKnownFileType = file.storyboard; name = Base; path = Base.lproj/Main.storyboard; sourceTree = "<group>"; };
		A0CFC4212989F6910074D7AC /* Assets.xcassets */ = {isa = PBXFileReference; lastKnownFileType = folder.assetcatalog; path = Assets.xcassets; sourceTree = "<group>"; };
		A0CFC4242989F6910074D7AC /* Base */ = {isa = PBXFileReference; lastKnownFileType = file.storyboard; name = Base; path = Base.lproj/LaunchScreen.storyboard; sourceTree = "<group>"; };
		A0CFC4262989F6910074D7AC /* Info.plist */ = {isa = PBXFileReference; lastKnownFileType = text.plist.xml; path = Info.plist; sourceTree = "<group>"; };
/* End PBXFileReference section */

/* Begin PBXFrameworksBuildPhase section */
		A0CFC4122989F6900074D7AC /* Frameworks */ = {
			isa = PBXFrameworksBuildPhase;
			buildActionMask = 2147483647;
			files = (
			);
			runOnlyForDeploymentPostprocessing = 0;
		};
/* End PBXFrameworksBuildPhase section */

/* Begin PBXGroup section */
		A00BD20829A510FF00C60182 /* DetailsViewController */ = {
			isa = PBXGroup;
			children = (
				A04D339B29A5112400B66E06 /* DetailsViewController.storyboard */,
				A0B2596E2993530100DBBAA0 /* DetailsViewController.swift */,
			);
			path = DetailsViewController;
			sourceTree = "<group>";
		};
		A049C44929A5184200CF7A81 /* ProgrammaticTwitter */ = {
			isa = PBXGroup;
			children = (
				A049C44A29A5185100CF7A81 /* ProgrammaticTwitterViewController.swift */,
				A0B2596C2993422700DBBAA0 /* ProgrammaticTwitterTableViewCell.swift */,
				A00BD20829A510FF00C60182 /* DetailsViewController */,
			);
			path = ProgrammaticTwitter;
			sourceTree = "<group>";
		};
		A04D339E29A5118E00B66E06 /* Base */ = {
			isa = PBXGroup;
			children = (
				A0CFC4182989F6900074D7AC /* AppDelegate.swift */,
				A0CFC41A2989F6900074D7AC /* SceneDelegate.swift */,
				A0CFC41E2989F6900074D7AC /* Main.storyboard */,
				A0CFC4212989F6910074D7AC /* Assets.xcassets */,
				A0CFC4232989F6910074D7AC /* LaunchScreen.storyboard */,
			);
			path = Base;
			sourceTree = "<group>";
		};
		A04D33A129A512CD00B66E06 /* RandomizingColors */ = {
			isa = PBXGroup;
			children = (
				A04D339F29A5128B00B66E06 /* RandomizingColorsTableViewController.swift */,
				A04D33A229A512F500B66E06 /* Square.swift */,
				A04D33A429A5131F00B66E06 /* RandomColorsTableViewCell.swift */,
			);
			path = RandomizingColors;
			sourceTree = "<group>";
		};
		A04D33A629A5141900B66E06 /* XibTwitter */ = {
			isa = PBXGroup;
			children = (
				A04D33A729A5144300B66E06 /* XibTwitterTableViewController.swift */,
				A049C44529A514A200CF7A81 /* XibTwitterTableViewCell.xib */,
				A049C44729A5158600CF7A81 /* XibTwitterTableViewCell.swift */,
			);
			path = XibTwitter;
			sourceTree = "<group>";
		};
		A0CFC40C2989F6900074D7AC = {
			isa = PBXGroup;
			children = (
				A0CFC4172989F6900074D7AC /* Layout Test App */,
				A0CFC4162989F6900074D7AC /* Products */,
			);
			sourceTree = "<group>";
		};
		A0CFC4162989F6900074D7AC /* Products */ = {
			isa = PBXGroup;
			children = (
				A0CFC4152989F6900074D7AC /* Layout Test App.app */,
			);
			name = Products;
			sourceTree = "<group>";
		};
		A0CFC4172989F6900074D7AC /* Layout Test App */ = {
			isa = PBXGroup;
			children = (
				A049C44929A5184200CF7A81 /* ProgrammaticTwitter */,
				A04D33A629A5141900B66E06 /* XibTwitter */,
				A04D33A129A512CD00B66E06 /* RandomizingColors */,
				A04D339E29A5118E00B66E06 /* Base */,
				A0CFC4262989F6910074D7AC /* Info.plist */,
			);
			path = "Layout Test App";
			sourceTree = "<group>";
		};
/* End PBXGroup section */

/* Begin PBXNativeTarget section */
		A0CFC4142989F6900074D7AC /* Layout Test App */ = {
			isa = PBXNativeTarget;
			buildConfigurationList = A0CFC4292989F6910074D7AC /* Build configuration list for PBXNativeTarget "Layout Test App" */;
			buildPhases = (
				A0CFC4112989F6900074D7AC /* Sources */,
				A0CFC4122989F6900074D7AC /* Frameworks */,
				A0CFC4132989F6900074D7AC /* Resources */,
			);
			buildRules = (
			);
			dependencies = (
			);
			name = "Layout Test App";
			productName = "Layout Test App";
			productReference = A0CFC4152989F6900074D7AC /* Layout Test App.app */;
			productType = "com.apple.product-type.application";
		};
/* End PBXNativeTarget section */

/* Begin PBXProject section */
		A0CFC40D2989F6900074D7AC /* Project object */ = {
			isa = PBXProject;
			attributes = {
				BuildIndependentTargetsInParallel = 1;
				LastSwiftUpdateCheck = 1410;
				LastUpgradeCheck = 1410;
				TargetAttributes = {
					A0CFC4142989F6900074D7AC = {
						CreatedOnToolsVersion = 14.1;
					};
				};
			};
			buildConfigurationList = A0CFC4102989F6900074D7AC /* Build configuration list for PBXProject "Layout Test App" */;
			compatibilityVersion = "Xcode 14.0";
			developmentRegion = en;
			hasScannedForEncodings = 0;
			knownRegions = (
				en,
				Base,
			);
			mainGroup = A0CFC40C2989F6900074D7AC;
			productRefGroup = A0CFC4162989F6900074D7AC /* Products */;
			projectDirPath = "";
			projectRoot = "";
			targets = (
				A0CFC4142989F6900074D7AC /* Layout Test App */,
			);
		};
/* End PBXProject section */

/* Begin PBXResourcesBuildPhase section */
		A0CFC4132989F6900074D7AC /* Resources */ = {
			isa = PBXResourcesBuildPhase;
			buildActionMask = 2147483647;
			files = (
				A049C44629A514A200CF7A81 /* XibTwitterTableViewCell.xib in Resources */,
				A04D339C29A5112400B66E06 /* DetailsViewController.storyboard in Resources */,
				A0CFC4252989F6910074D7AC /* LaunchScreen.storyboard in Resources */,
				A0CFC4222989F6910074D7AC /* Assets.xcassets in Resources */,
				A0CFC4202989F6900074D7AC /* Main.storyboard in Resources */,
			);
			runOnlyForDeploymentPostprocessing = 0;
		};
/* End PBXResourcesBuildPhase section */

/* Begin PBXSourcesBuildPhase section */
		A0CFC4112989F6900074D7AC /* Sources */ = {
			isa = PBXSourcesBuildPhase;
			buildActionMask = 2147483647;
			files = (
				A04D33A529A5131F00B66E06 /* RandomColorsTableViewCell.swift in Sources */,
				A0CFC4192989F6900074D7AC /* AppDelegate.swift in Sources */,
				A0B2596D2993422700DBBAA0 /* ProgrammaticTwitterTableViewCell.swift in Sources */,
				A04D33A829A5144300B66E06 /* XibTwitterTableViewController.swift in Sources */,
				A049C44B29A5185100CF7A81 /* ProgrammaticTwitterViewController.swift in Sources */,
				A049C44829A5158600CF7A81 /* XibTwitterTableViewCell.swift in Sources */,
				A04D33A329A512F500B66E06 /* Square.swift in Sources */,
				A04D33A029A5128B00B66E06 /* RandomizingColorsTableViewController.swift in Sources */,
				A0CFC41B2989F6900074D7AC /* SceneDelegate.swift in Sources */,
				A0B2596F2993530100DBBAA0 /* DetailsViewController.swift in Sources */,
			);
			runOnlyForDeploymentPostprocessing = 0;
		};
/* End PBXSourcesBuildPhase section */

/* Begin PBXVariantGroup section */
		A0CFC41E2989F6900074D7AC /* Main.storyboard */ = {
			isa = PBXVariantGroup;
			children = (
				A0CFC41F2989F6900074D7AC /* Base */,
			);
			name = Main.storyboard;
			sourceTree = "<group>";
		};
		A0CFC4232989F6910074D7AC /* LaunchScreen.storyboard */ = {
			isa = PBXVariantGroup;
			children = (
				A0CFC4242989F6910074D7AC /* Base */,
			);
			name = LaunchScreen.storyboard;
			sourceTree = "<group>";
		};
/* End PBXVariantGroup section */

/* Begin XCBuildConfiguration section */
		A0CFC4272989F6910074D7AC /* Debug */ = {
			isa = XCBuildConfiguration;
			buildSettings = {
				ALWAYS_SEARCH_USER_PATHS = NO;
				CLANG_ANALYZER_NONNULL = YES;
				CLANG_ANALYZER_NUMBER_OBJECT_CONVERSION = YES_AGGRESSIVE;
				CLANG_CXX_LANGUAGE_STANDARD = "gnu++20";
				CLANG_ENABLE_MODULES = YES;
				CLANG_ENABLE_OBJC_ARC = YES;
				CLANG_ENABLE_OBJC_WEAK = YES;
				CLANG_WARN_BLOCK_CAPTURE_AUTORELEASING = YES;
				CLANG_WARN_BOOL_CONVERSION = YES;
				CLANG_WARN_COMMA = YES;
				CLANG_WARN_CONSTANT_CONVERSION = YES;
				CLANG_WARN_DEPRECATED_OBJC_IMPLEMENTATIONS = YES;
				CLANG_WARN_DIRECT_OBJC_ISA_USAGE = YES_ERROR;
				CLANG_WARN_DOCUMENTATION_COMMENTS = YES;
				CLANG_WARN_EMPTY_BODY = YES;
				CLANG_WARN_ENUM_CONVERSION = YES;
				CLANG_WARN_INFINITE_RECURSION = YES;
				CLANG_WARN_INT_CONVERSION = YES;
				CLANG_WARN_NON_LITERAL_NULL_CONVERSION = YES;
				CLANG_WARN_OBJC_IMPLICIT_RETAIN_SELF = YES;
				CLANG_WARN_OBJC_LITERAL_CONVERSION = YES;
				CLANG_WARN_OBJC_ROOT_CLASS = YES_ERROR;
				CLANG_WARN_QUOTED_INCLUDE_IN_FRAMEWORK_HEADER = YES;
				CLANG_WARN_RANGE_LOOP_ANALYSIS = YES;
				CLANG_WARN_STRICT_PROTOTYPES = YES;
				CLANG_WARN_SUSPICIOUS_MOVE = YES;
				CLANG_WARN_UNGUARDED_AVAILABILITY = YES_AGGRESSIVE;
				CLANG_WARN_UNREACHABLE_CODE = YES;
				CLANG_WARN__DUPLICATE_METHOD_MATCH = YES;
				COPY_PHASE_STRIP = NO;
				DEBUG_INFORMATION_FORMAT = dwarf;
				ENABLE_STRICT_OBJC_MSGSEND = YES;
				ENABLE_TESTABILITY = YES;
				GCC_C_LANGUAGE_STANDARD = gnu11;
				GCC_DYNAMIC_NO_PIC = NO;
				GCC_NO_COMMON_BLOCKS = YES;
				GCC_OPTIMIZATION_LEVEL = 0;
				GCC_PREPROCESSOR_DEFINITIONS = (
					"DEBUG=1",
					"$(inherited)",
				);
				GCC_WARN_64_TO_32_BIT_CONVERSION = YES;
				GCC_WARN_ABOUT_RETURN_TYPE = YES_ERROR;
				GCC_WARN_UNDECLARED_SELECTOR = YES;
				GCC_WARN_UNINITIALIZED_AUTOS = YES_AGGRESSIVE;
				GCC_WARN_UNUSED_FUNCTION = YES;
				GCC_WARN_UNUSED_VARIABLE = YES;
				IPHONEOS_DEPLOYMENT_TARGET = 16.1;
				MTL_ENABLE_DEBUG_INFO = INCLUDE_SOURCE;
				MTL_FAST_MATH = YES;
				ONLY_ACTIVE_ARCH = YES;
				SDKROOT = iphoneos;
				SWIFT_ACTIVE_COMPILATION_CONDITIONS = DEBUG;
				SWIFT_OPTIMIZATION_LEVEL = "-Onone";
			};
			name = Debug;
		};
		A0CFC4282989F6910074D7AC /* Release */ = {
			isa = XCBuildConfiguration;
			buildSettings = {
				ALWAYS_SEARCH_USER_PATHS = NO;
				CLANG_ANALYZER_NONNULL = YES;
				CLANG_ANALYZER_NUMBER_OBJECT_CONVERSION = YES_AGGRESSIVE;
				CLANG_CXX_LANGUAGE_STANDARD = "gnu++20";
				CLANG_ENABLE_MODULES = YES;
				CLANG_ENABLE_OBJC_ARC = YES;
				CLANG_ENABLE_OBJC_WEAK = YES;
				CLANG_WARN_BLOCK_CAPTURE_AUTORELEASING = YES;
				CLANG_WARN_BOOL_CONVERSION = YES;
				CLANG_WARN_COMMA = YES;
				CLANG_WARN_CONSTANT_CONVERSION = YES;
				CLANG_WARN_DEPRECATED_OBJC_IMPLEMENTATIONS = YES;
				CLANG_WARN_DIRECT_OBJC_ISA_USAGE = YES_ERROR;
				CLANG_WARN_DOCUMENTATION_COMMENTS = YES;
				CLANG_WARN_EMPTY_BODY = YES;
				CLANG_WARN_ENUM_CONVERSION = YES;
				CLANG_WARN_INFINITE_RECURSION = YES;
				CLANG_WARN_INT_CONVERSION = YES;
				CLANG_WARN_NON_LITERAL_NULL_CONVERSION = YES;
				CLANG_WARN_OBJC_IMPLICIT_RETAIN_SELF = YES;
				CLANG_WARN_OBJC_LITERAL_CONVERSION = YES;
				CLANG_WARN_OBJC_ROOT_CLASS = YES_ERROR;
				CLANG_WARN_QUOTED_INCLUDE_IN_FRAMEWORK_HEADER = YES;
				CLANG_WARN_RANGE_LOOP_ANALYSIS = YES;
				CLANG_WARN_STRICT_PROTOTYPES = YES;
				CLANG_WARN_SUSPICIOUS_MOVE = YES;
				CLANG_WARN_UNGUARDED_AVAILABILITY = YES_AGGRESSIVE;
				CLANG_WARN_UNREACHABLE_CODE = YES;
				CLANG_WARN__DUPLICATE_METHOD_MATCH = YES;
				COPY_PHASE_STRIP = NO;
				DEBUG_INFORMATION_FORMAT = "dwarf-with-dsym";
				ENABLE_NS_ASSERTIONS = NO;
				ENABLE_STRICT_OBJC_MSGSEND = YES;
				GCC_C_LANGUAGE_STANDARD = gnu11;
				GCC_NO_COMMON_BLOCKS = YES;
				GCC_WARN_64_TO_32_BIT_CONVERSION = YES;
				GCC_WARN_ABOUT_RETURN_TYPE = YES_ERROR;
				GCC_WARN_UNDECLARED_SELECTOR = YES;
				GCC_WARN_UNINITIALIZED_AUTOS = YES_AGGRESSIVE;
				GCC_WARN_UNUSED_FUNCTION = YES;
				GCC_WARN_UNUSED_VARIABLE = YES;
				IPHONEOS_DEPLOYMENT_TARGET = 16.1;
				MTL_ENABLE_DEBUG_INFO = NO;
				MTL_FAST_MATH = YES;
				SDKROOT = iphoneos;
				SWIFT_COMPILATION_MODE = wholemodule;
				SWIFT_OPTIMIZATION_LEVEL = "-O";
				VALIDATE_PRODUCT = YES;
			};
			name = Release;
		};
		A0CFC42A2989F6910074D7AC /* Debug */ = {
			isa = XCBuildConfiguration;
			buildSettings = {
				ASSETCATALOG_COMPILER_APPICON_NAME = AppIcon;
				ASSETCATALOG_COMPILER_GLOBAL_ACCENT_COLOR_NAME = AccentColor;
				CODE_SIGN_STYLE = Automatic;
				CURRENT_PROJECT_VERSION = 1;
				DEVELOPMENT_TEAM = 496Y2U293A;
				GENERATE_INFOPLIST_FILE = YES;
				INFOPLIST_FILE = "Layout Test App/Info.plist";
				INFOPLIST_KEY_UIApplicationSupportsIndirectInputEvents = YES;
				INFOPLIST_KEY_UILaunchStoryboardName = LaunchScreen;
				INFOPLIST_KEY_UIMainStoryboardFile = Main;
				INFOPLIST_KEY_UISupportedInterfaceOrientations_iPad = "UIInterfaceOrientationPortrait UIInterfaceOrientationPortraitUpsideDown UIInterfaceOrientationLandscapeLeft UIInterfaceOrientationLandscapeRight";
				INFOPLIST_KEY_UISupportedInterfaceOrientations_iPhone = "UIInterfaceOrientationPortrait UIInterfaceOrientationLandscapeLeft UIInterfaceOrientationLandscapeRight";
				IPHONEOS_DEPLOYMENT_TARGET = 13.0;
				LD_RUNPATH_SEARCH_PATHS = (
					"$(inherited)",
					"@executable_path/Frameworks",
				);
				MARKETING_VERSION = 1.0;
				PRODUCT_BUNDLE_IDENTIFIER = "com.luisligunas.Layout-Test-App";
				PRODUCT_NAME = "$(TARGET_NAME)";
				SWIFT_EMIT_LOC_STRINGS = YES;
				SWIFT_VERSION = 5.0;
				TARGETED_DEVICE_FAMILY = "1,2";
			};
			name = Debug;
		};
		A0CFC42B2989F6910074D7AC /* Release */ = {
			isa = XCBuildConfiguration;
			buildSettings = {
				ASSETCATALOG_COMPILER_APPICON_NAME = AppIcon;
				ASSETCATALOG_COMPILER_GLOBAL_ACCENT_COLOR_NAME = AccentColor;
				CODE_SIGN_STYLE = Automatic;
				CURRENT_PROJECT_VERSION = 1;
				DEVELOPMENT_TEAM = 496Y2U293A;
				GENERATE_INFOPLIST_FILE = YES;
				INFOPLIST_FILE = "Layout Test App/Info.plist";
				INFOPLIST_KEY_UIApplicationSupportsIndirectInputEvents = YES;
				INFOPLIST_KEY_UILaunchStoryboardName = LaunchScreen;
				INFOPLIST_KEY_UIMainStoryboardFile = Main;
				INFOPLIST_KEY_UISupportedInterfaceOrientations_iPad = "UIInterfaceOrientationPortrait UIInterfaceOrientationPortraitUpsideDown UIInterfaceOrientationLandscapeLeft UIInterfaceOrientationLandscapeRight";
				INFOPLIST_KEY_UISupportedInterfaceOrientations_iPhone = "UIInterfaceOrientationPortrait UIInterfaceOrientationLandscapeLeft UIInterfaceOrientationLandscapeRight";
				IPHONEOS_DEPLOYMENT_TARGET = 13.0;
				LD_RUNPATH_SEARCH_PATHS = (
					"$(inherited)",
					"@executable_path/Frameworks",
				);
				MARKETING_VERSION = 1.0;
				PRODUCT_BUNDLE_IDENTIFIER = "com.luisligunas.Layout-Test-App";
				PRODUCT_NAME = "$(TARGET_NAME)";
				SWIFT_EMIT_LOC_STRINGS = YES;
				SWIFT_VERSION = 5.0;
				TARGETED_DEVICE_FAMILY = "1,2";
			};
			name = Release;
		};
/* End XCBuildConfiguration section */

/* Begin XCConfigurationList section */
		A0CFC4102989F6900074D7AC /* Build configuration list for PBXProject "Layout Test App" */ = {
			isa = XCConfigurationList;
			buildConfigurations = (
				A0CFC4272989F6910074D7AC /* Debug */,
				A0CFC4282989F6910074D7AC /* Release */,
			);
			defaultConfigurationIsVisible = 0;
			defaultConfigurationName = Release;
		};
		A0CFC4292989F6910074D7AC /* Build configuration list for PBXNativeTarget "Layout Test App" */ = {
			isa = XCConfigurationList;
			buildConfigurations = (
				A0CFC42A2989F6910074D7AC /* Debug */,
				A0CFC42B2989F6910074D7AC /* Release */,
			);
			defaultConfigurationIsVisible = 0;
			defaultConfigurationName = Release;
		};
/* End XCConfigurationList section */
	};
	rootObject = A0CFC40D2989F6900074D7AC /* Project object */;
}
